
Microsoft Visual Studio Solution File, Format Version 12.00
# Visual Studio 2013
VisualStudioVersion = 12.0.30219.0
MinimumVisualStudioVersion = 10.0.40219.1
Project("{FAE04EC0-301F-11D3-BF4B-00C04F79EFBC}") = "MMMSpriteMaker", "MMMSpriteMaker\MMMSpriteMaker.csproj", "{9EF5DBFC-BEA8-4CF1-82F3-002B574C9E91}"
EndProject
Project("{FAE04EC0-301F-11D3-BF4B-00C04F79EFBC}") = "ruche.wpf", "ruche.wpf\ruche.wpf.csproj", "{A5DC2BBD-74FD-45DF-9352-D017AE45B02D}"
EndProject
Project("{FAE04EC0-301F-11D3-BF4B-00C04F79EFBC}") = "ruche.mmm.tools.spriteMaker", "ruche.mmm.tools.spriteMaker\ruche.mmm.tools.spriteMaker.csproj", "{F2C2A23E-5CA6-47DB-8AE0-84DD36FB28C9}"
EndProject
Project("{FAE04EC0-301F-11D3-BF4B-00C04F79EFBC}") = "ruche.datas.textureAtlas", "ruche.datas.textureAtlas\ruche.datas.textureAtlas.csproj", "{6D882D34-E828-4AA6-8796-C90943F89EC6}"
EndProject
Project("{FAE04EC0-301F-11D3-BF4B-00C04F79EFBC}") = "ruche.datas.textureAtlas.loaders", "ruche.datas.textureAtlas.loaders\ruche.datas.textureAtlas.loaders.csproj", "{4103E339-B2FE-4BFA-9E78-9C322942A7FB}"
EndProject
Project("{FAE04EC0-301F-11D3-BF4B-00C04F79EFBC}") = "testApp", "testApp\testApp.csproj", "{9125FDBD-D095-4033-BBD6-AB80E3015958}"
EndProject
Global
	GlobalSection(SolutionConfigurationPlatforms) = preSolution
		Debug|Any CPU = Debug|Any CPU
		Release|Any CPU = Release|Any CPU
	EndGlobalSection
	GlobalSection(ProjectConfigurationPlatforms) = postSolution
		{9EF5DBFC-BEA8-4CF1-82F3-002B574C9E91}.Debug|Any CPU.ActiveCfg = Debug|Any CPU
		{9EF5DBFC-BEA8-4CF1-82F3-002B574C9E91}.Debug|Any CPU.Build.0 = Debug|Any CPU
		{9EF5DBFC-BEA8-4CF1-82F3-002B574C9E91}.Release|Any CPU.ActiveCfg = Release|Any CPU
		{9EF5DBFC-BEA8-4CF1-82F3-002B574C9E91}.Release|Any CPU.Build.0 = Release|Any CPU
		{A5DC2BBD-74FD-45DF-9352-D017AE45B02D}.Debug|Any CPU.ActiveCfg = Debug|Any CPU
		{A5DC2BBD-74FD-45DF-9352-D017AE45B02D}.Debug|Any CPU.Build.0 = Debug|Any CPU
		{A5DC2BBD-74FD-45DF-9352-D017AE45B02D}.Release|Any CPU.ActiveCfg = Release|Any CPU
		{A5DC2BBD-74FD-45DF-9352-D017AE45B02D}.Release|Any CPU.Build.0 = Release|Any CPU
		{F2C2A23E-5CA6-47DB-8AE0-84DD36FB28C9}.Debug|Any CPU.ActiveCfg = Debug|Any CPU
		{F2C2A23E-5CA6-47DB-8AE0-84DD36FB28C9}.Debug|Any CPU.Build.0 = Debug|Any CPU
		{F2C2A23E-5CA6-47DB-8AE0-84DD36FB28C9}.Release|Any CPU.ActiveCfg = Release|Any CPU
		{F2C2A23E-5CA6-47DB-8AE0-84DD36FB28C9}.Release|Any CPU.Build.0 = Release|Any CPU
		{6D882D34-E828-4AA6-8796-C90943F89EC6}.Debug|Any CPU.ActiveCfg = Debug|Any CPU
		{6D882D34-E828-4AA6-8796-C90943F89EC6}.Debug|Any CPU.Build.0 = Debug|Any CPU
		{6D882D34-E828-4AA6-8796-C90943F89EC6}.Release|Any CPU.ActiveCfg = Release|Any CPU
		{6D882D34-E828-4AA6-8796-C90943F89EC6}.Release|Any CPU.Build.0 = Release|Any CPU
		{4103E339-B2FE-4BFA-9E78-9C322942A7FB}.Debug|Any CPU.ActiveCfg = Debug|Any CPU
		{4103E339-B2FE-4BFA-9E78-9C322942A7FB}.Debug|Any CPU.Build.0 = Debug|Any CPU
		{4103E339-B2FE-4BFA-9E78-9C322942A7FB}.Release|Any CPU.ActiveCfg = Release|Any CPU
		{4103E339-B2FE-4BFA-9E78-9C322942A7FB}.Release|Any CPU.Build.0 = Release|Any CPU
		{9125FDBD-D095-4033-BBD6-AB80E3015958}.Debug|Any CPU.ActiveCfg = Debug|Any CPU
		{9125FDBD-D095-4033-BBD6-AB80E3015958}.Debug|Any CPU.Build.0 = Debug|Any CPU
		{9125FDBD-D095-4033-BBD6-AB80E3015958}.Release|Any CPU.ActiveCfg = Release|Any CPU
		{9125FDBD-D095-4033-BBD6-AB80E3015958}.Release|Any CPU.Build.0 = Release|Any CPU
	EndGlobalSection
	GlobalSection(SolutionProperties) = preSolution
		HideSolutionNode = FALSE
	EndGlobalSection
EndGlobal
